
Microsoft Visual Studio Solution File, Format Version 12.00
# Visual Studio Version 17
VisualStudioVersion = 17.0.31903.59
MinimumVisualStudioVersion = 10.0.40219.1
Project("{FAE04EC0-301F-11D3-BF4B-00C04F79EFBC}") = "Vasilev11", "Vasilev11\Vasilev11.csproj", "{8BABB76E-A80A-42F9-B62E-284C5658618F}"
EndProject
Global
	GlobalSection(SolutionConfigurationPlatforms) = preSolution
		Debug|Any CPU = Debug|Any CPU
		Release|Any CPU = Release|Any CPU
	EndGlobalSection
	GlobalSection(ProjectConfigurationPlatforms) = postSolution
		{8BABB76E-A80A-42F9-B62E-284C5658618F}.Debug|Any CPU.ActiveCfg = Debug|Any CPU
		{8BABB76E-A80A-42F9-B62E-284C5658618F}.Debug|Any CPU.Build.0 = Debug|Any CPU
		{8BABB76E-A80A-42F9-B62E-284C5658618F}.Release|Any CPU.ActiveCfg = Release|Any CPU
		{8BABB76E-A80A-42F9-B62E-284C5658618F}.Release|Any CPU.Build.0 = Release|Any CPU
	EndGlobalSection
	GlobalSection(SolutionProperties) = preSolution
		HideSolutionNode = FALSE
	EndGlobalSection
	GlobalSection(ExtensibilityGlobals) = postSolution
		SolutionGuid = {40D8049E-0276-46CF-AF47-3FAE36708E4A}
	EndGlobalSection
EndGlobal
